{
  "lockfileVersion": 1,
  "configVersion": 0,
  "workspaces": {
    "": {
      "name": "agent-manager",
      "devDependencies": {
        "typescript": "~5.9.3",
      },
    },
    "apps/server": {
      "name": "@agent-manager/server",
      "version": "0.1.0",
      "dependencies": {
        "@agent-manager/shared": "workspace:*",
        "@hono/zod-validator": "^0.4.0",
        "hono": "^4.7.0",
      },
      "devDependencies": {
        "bun-types": "latest",
      },
    },
    "packages/shared": {
      "name": "@agent-manager/shared",
      "version": "0.1.0",
      "dependencies": {
        "zod": "^3.24.0",
      },
      "devDependencies": {
        "bun-types": "latest",
      },
    },
  },
  "packages": {
    "@agent-manager/server": ["@agent-manager/server@workspace:apps/server"],

    "@agent-manager/shared": ["@agent-manager/shared@workspace:packages/shared"],

    "@hono/zod-validator": ["@hono/zod-validator@0.4.3", "", { "peerDependencies": { "hono": ">=3.9.0", "zod": "^3.19.1" } }, "sha512-xIgMYXDyJ4Hj6ekm9T9Y27s080Nl9NXHcJkOvkXPhubOLj8hZkOL8pDnnXfvCf5xEE8Q4oMFenQUZZREUY2gqQ=="],

    "@types/node": ["@types/node@22.19.9", "", { "dependencies": { "undici-types": "~6.21.0" } }, "sha512-PD03/U8g1F9T9MI+1OBisaIARhSzeidsUjQaf51fOxrfjeiKN9bLVO06lHuHYjxdnqLWJijJHfqXPSJri2EM2A=="],

    "bun-types": ["bun-types@1.3.9", "", { "dependencies": { "@types/node": "*" } }, "sha512-+UBWWOakIP4Tswh0Bt0QD0alpTY8cb5hvgiYeWCMet9YukHbzuruIEeXC2D7nMJPB12kbh8C7XJykSexEqGKJg=="],

    "hono": ["hono@4.11.8", "", {}, "sha512-eVkB/CYCCei7K2WElZW9yYQFWssG0DhaDhVvr7wy5jJ22K+ck8fWW0EsLpB0sITUTvPnc97+rrbQqIr5iqiy9Q=="],

    "typescript": ["typescript@5.9.3", "", { "bin": { "tsc": "bin/tsc", "tsserver": "bin/tsserver" } }, "sha512-jl1vZzPDinLr9eUt3J/t7V6FgNEw9QjvBPdysz9KfQDD41fQrC2Y4vKQdiaUpFT4bXlb1RHhLpp8wtm6M5TgSw=="],

    "undici-types": ["undici-types@6.21.0", "", {}, "sha512-iwDZqg0QAGrg9Rav5H4n0M64c3mkR59cJ6wQp+7C4nI0gsmExaedaYLNO44eT4AtBBwjbTiGPMlt2Md0T9H9JQ=="],

    "zod": ["zod@3.25.76", "", {}, "sha512-gzUt/qt81nXsFGKIFcC3YnfEAx5NkunCfnDlvuBSSFS02bcXu4Lmea0AFIUwbLWxWPx3d9p8S5QoaujKcNQxcQ=="],
  }
}
